
Microsoft Visual Studio Solution File, Format Version 12.00
# Visual Studio Version 17
VisualStudioVersion = 17.5.33414.496
MinimumVisualStudioVersion = 10.0.40219.1
Project("{FAE04EC0-301F-11D3-BF4B-00C04F79EFBC}") = "Application", "src\Application\Application.csproj", "{2976589F-8D75-4DC1-984E-B238E3B320B4}"
EndProject
Project("{9A19103F-16F7-4668-BE54-9A1E7A4F7556}") = "Domain", "src\Domain\Domain.csproj", "{5B761AC2-636F-4EA4-8DE3-5A4F189FE8E2}"
EndProject
Project("{2150E333-8FDC-42A3-9474-1A3956D46DE8}") = "test", "test", "{B742B3D4-4F8F-45ED-A0A6-0EADE16B6D8F}"
EndProject
Project("{2150E333-8FDC-42A3-9474-1A3956D46DE8}") = "src", "src", "{2C5D0AF7-767C-477D-8D1E-FC4E38365632}"
EndProject
Project("{FAE04EC0-301F-11D3-BF4B-00C04F79EFBC}") = "Application.Tests", "test\Application.Tests\Application.Tests.csproj", "{BCCCB1EF-C801-41E0-92E3-6F27B245E6F3}"
EndProject

Global
	GlobalSection(SolutionConfigurationPlatforms) = preSolution
		Debug|Any CPU = Debug|Any CPU
		Release|Any CPU = Release|Any CPU
	EndGlobalSection
	GlobalSection(ProjectConfigurationPlatforms) = postSolution
		{5B761AC2-636F-4EA4-8DE3-5A4F189FE8E2}.Debug|Any CPU.ActiveCfg = Debug|Any CPU
		{5B761AC2-636F-4EA4-8DE3-5A4F189FE8E2}.Debug|Any CPU.Build.0 = Debug|Any CPU
		{5B761AC2-636F-4EA4-8DE3-5A4F189FE8E2}.Release|Any CPU.ActiveCfg = Release|Any CPU
		{5B761AC2-636F-4EA4-8DE3-5A4F189FE8E2}.Release|Any CPU.Build.0 = Release|Any CPU
		{BCCCB1EF-C801-41E0-92E3-6F27B245E6F3}.Debug|Any CPU.ActiveCfg = Debug|Any CPU
		{BCCCB1EF-C801-41E0-92E3-6F27B245E6F3}.Debug|Any CPU.Build.0 = Debug|Any CPU
		{BCCCB1EF-C801-41E0-92E3-6F27B245E6F3}.Release|Any CPU.ActiveCfg = Release|Any CPU
		{BCCCB1EF-C801-41E0-92E3-6F27B245E6F3}.Release|Any CPU.Build.0 = Release|Any CPU
		{2976589F-8D75-4DC1-984E-B238E3B320B4}.Debug|Any CPU.ActiveCfg = Debug|Any CPU
		{2976589F-8D75-4DC1-984E-B238E3B320B4}.Debug|Any CPU.Build.0 = Debug|Any CPU
		{2976589F-8D75-4DC1-984E-B238E3B320B4}.Release|Any CPU.ActiveCfg = Release|Any CPU
		{2976589F-8D75-4DC1-984E-B238E3B320B4}.Release|Any CPU.Build.0 = Release|Any CPU
	EndGlobalSection
	GlobalSection(SolutionProperties) = preSolution
		HideSolutionNode = FALSE
	EndGlobalSection
	GlobalSection(NestedProjects) = preSolution
		{2976589F-8D75-4DC1-984E-B238E3B320B4} = {2C5D0AF7-767C-477D-8D1E-FC4E38365632}
		{5B761AC2-636F-4EA4-8DE3-5A4F189FE8E2} = {2C5D0AF7-767C-477D-8D1E-FC4E38365632}		
		{BCCCB1EF-C801-41E0-92E3-6F27B245E6F3} = {B742B3D4-4F8F-45ED-A0A6-0EADE16B6D8F}		
	EndGlobalSection
	GlobalSection(ExtensibilityGlobals) = postSolution
		SolutionGuid = {6EB5C149-862A-4FB4-B708-74236E2C5052}
	EndGlobalSection
EndGlobal
